{
  "requires": true,
  "lockfileVersion": 1,
  "dependencies": {
    "mongoose-lean-id": {
      "version": "0.2.0",
      "resolved": "https://registry.npmjs.org/mongoose-lean-id/-/mongoose-lean-id-0.2.0.tgz",
      "integrity": "sha512-ioC++wVTfprE2wh7Baw4jdZ1mCIpK3uw74sWf53enNCKZHVhKsL7fMyB1ryb4SmGwOj4StebTGy7YwimjZ0Qlg=="
    },
    "react-native-tab-view": {
      "version": "2.5.0",
      "resolved": "https://registry.npmjs.org/react-native-tab-view/-/react-native-tab-view-2.5.0.tgz",
      "integrity": "sha512-nU/zTUA3WFV7wZN3lw0xCJmXvFzBjxHMCJXmTNPQeoQNsmwapNNgpbyZ6CgjfTVTXsv14vOYxx3HwQCy0i1gbA=="
    }
  }
}
