{
  "requires": true,
  "lockfileVersion": 1,
  "dependencies": {
    "react-native-tab-view": {
      "version": "2.5.0",
      "resolved": "https://registry.npmjs.org/react-native-tab-view/-/react-native-tab-view-2.5.0.tgz",
      "integrity": "sha512-nU/zTUA3WFV7wZN3lw0xCJmXvFzBjxHMCJXmTNPQeoQNsmwapNNgpbyZ6CgjfTVTXsv14vOYxx3HwQCy0i1gbA=="
    }
  }
}
